dependencies:
  espressif/esp32-camera:
    component_hash: e00e75c24164b5d097bf98f325938558697916a0cb6b68872b9927587b46882a
    source:
      service_url: https://api.components.espressif.com/
      type: service
    version: 2.0.8
  espressif/mdns:
    component_hash: d96d277207c4fec77ec290b7a8b0ca4043e10f407df0ff6aa52e54a94f0c54a5
    source:
      service_url: https://api.components.espressif.com/
      type: service
    version: 1.2.4
  idf:
    component_hash: null
    source:
      type: idf
    version: 5.1.0
manifest_hash: 1ae459bd905e2b36f84f71cc39893e86c8ea86ae6953ec8a8097507ca6bbbf6a
target: esp32
version: 1.0.0
